<?xml version="1.0" encoding="utf-8"?>
<Project ToolsVersion="4.0" xmlns="http://schemas.microsoft.com/developer/msbuild/2003">
  <ItemGroup>
    <Filter Include="Resource Files">
      <UniqueIdentifier>{D9D6E242-F8AF-46E4-B9FD-80ECBC20BA3E}</UniqueIdentifier>
      <Extensions>qrc;*</Extensions>
      <ParseFiles>false</ParseFiles>
    </Filter>
    <Filter Include="Generated Files">
      <UniqueIdentifier>{71ED8ED8-ACB9-4CE9-BBE1-E00B30144E11}</UniqueIdentifier>
      <Extensions>moc;h;cpp</Extensions>
      <SourceControlFiles>False</SourceControlFiles>
    </Filter>
    <Filter Include="Generated Files\Debug">
      <UniqueIdentifier>{06ee1226-a199-4165-957a-3d6c99316b1a}</UniqueIdentifier>
      <Extensions>cpp;moc</Extensions>
      <SourceControlFiles>False</SourceControlFiles>
    </Filter>
    <Filter Include="Generated Files\Release">
      <UniqueIdentifier>{551d6463-fc6f-4038-8a17-a7079b457e22}</UniqueIdentifier>
      <Extensions>cpp;moc</Extensions>
      <SourceControlFiles>False</SourceControlFiles>
    </Filter>
    <Filter Include="network">
      <UniqueIdentifier>{2e14cb14-2006-4b6c-8ec1-4f35a6e17450}</UniqueIdentifier>
    </Filter>
    <Filter Include="packets">
      <UniqueIdentifier>{43126280-4726-4ad4-b3dd-5048886bec48}</UniqueIdentifier>
    </Filter>
    <Filter Include="packets\client">
      <UniqueIdentifier>{2a822f7a-4fcb-4920-8f0a-c288b91c3694}</UniqueIdentifier>
    </Filter>
    <Filter Include="packets\server">
      <UniqueIdentifier>{254e80ae-06a0-485f-97f9-25726756b504}</UniqueIdentifier>
    </Filter>
    <Filter Include="code">
      <UniqueIdentifier>{d45ec8dc-8d47-4e9e-8531-298ae8cd382e}</UniqueIdentifier>
    </Filter>
    <Filter Include="widgets">
      <UniqueIdentifier>{9d2b2d5e-3255-4821-be11-a1c3abf07961}</UniqueIdentifier>
    </Filter>
    <Filter Include="Source Files">
      <UniqueIdentifier>{4FC737F1-C7A5-4376-A066-2A32D752A2FF}</UniqueIdentifier>
      <Extensions>cpp;cxx;c;def</Extensions>
      <ParseFiles>true</ParseFiles>
    </Filter>
    <Filter Include="Header Files">
      <UniqueIdentifier>{93995380-89BD-4b04-88EB-625FBE52EBFB}</UniqueIdentifier>
      <Extensions>h</Extensions>
      <ParseFiles>true</ParseFiles>
    </Filter>
    <Filter Include="entity">
      <UniqueIdentifier>{1d34a536-4a83-4b01-87f3-21c06fb7bda8}</UniqueIdentifier>
    </Filter>
    <Filter Include="utils">
      <UniqueIdentifier>{d402f10f-5e4f-437d-a071-abb537a285cf}</UniqueIdentifier>
    </Filter>
    <Filter Include="widgets\detail">
      <UniqueIdentifier>{b8a6ebac-f899-4581-a9cd-0131f36d2cd2}</UniqueIdentifier>
    </Filter>
    <Filter Include="Form Files">
      <UniqueIdentifier>{99349809-55BA-4b9d-BF79-8FDBB0286EB3}</UniqueIdentifier>
      <Extensions>ui</Extensions>
      <ParseFiles>true</ParseFiles>
    </Filter>
  </ItemGroup>
  <ItemGroup>
    <ClCompile Include="network\InstantiationPacketHelper.cpp">
      <Filter>network</Filter>
    </ClCompile>
    <ClCompile Include="code\stdafx.cpp">
      <Filter>code</Filter>
    </ClCompile>
    <ClCompile Include="main.cpp">
      <Filter>code</Filter>
    </ClCompile>
    <ClCompile Include="code\AbstractParseJson.cpp">
      <Filter>code</Filter>
    </ClCompile>
    <ClCompile Include="GeneratedFiles\Debug\moc_AbstractParseJson.cpp">
      <Filter>Generated Files\Debug</Filter>
    </ClCompile>
    <ClCompile Include="GeneratedFiles\Release\moc_AbstractParseJson.cpp">
      <Filter>Generated Files\Release</Filter>
    </ClCompile>
    <ClCompile Include="code\Error.cpp">
      <Filter>code</Filter>
    </ClCompile>
    <ClCompile Include="code\Packet.cpp">
      <Filter>code</Filter>
    </ClCompile>
    <ClCompile Include="GeneratedFiles\Debug\moc_Packet.cpp">
      <Filter>Generated Files\Debug</Filter>
    </ClCompile>
    <ClCompile Include="GeneratedFiles\Release\moc_Packet.cpp">
      <Filter>Generated Files\Release</Filter>
    </ClCompile>
    <ClCompile Include="GeneratedFiles\Debug\moc_Range.cpp">
      <Filter>Generated Files\Debug</Filter>
    </ClCompile>
    <ClCompile Include="GeneratedFiles\Release\moc_Range.cpp">
      <Filter>Generated Files\Release</Filter>
    </ClCompile>
    <ClCompile Include="code\SettingHelper.cpp">
      <Filter>code</Filter>
    </ClCompile>
    <ClCompile Include="code\SettingInfo.cpp">
      <Filter>code</Filter>
    </ClCompile>
    <ClCompile Include="GeneratedFiles\Debug\moc_SettingInfo.cpp">
      <Filter>Generated Files\Debug</Filter>
    </ClCompile>
    <ClCompile Include="GeneratedFiles\Release\moc_SettingInfo.cpp">
      <Filter>Generated Files\Release</Filter>
    </ClCompile>
    <ClCompile Include="GeneratedFiles\Debug\moc_TerminalWidget.cpp">
      <Filter>Generated Files\Debug</Filter>
    </ClCompile>
    <ClCompile Include="GeneratedFiles\Release\moc_TerminalWidget.cpp">
      <Filter>Generated Files\Release</Filter>
    </ClCompile>
    <ClCompile Include="widgets\TerminalWidget.cpp">
      <Filter>widgets</Filter>
    </ClCompile>
    <ClCompile Include="GeneratedFiles\Debug\moc_SearchWidget.cpp">
      <Filter>Generated Files\Debug</Filter>
    </ClCompile>
    <ClCompile Include="GeneratedFiles\Release\moc_SearchWidget.cpp">
      <Filter>Generated Files\Release</Filter>
    </ClCompile>
    <ClCompile Include="widgets\SearchWidget.cpp">
      <Filter>widgets</Filter>
    </ClCompile>
    <ClCompile Include="GeneratedFiles\Debug\moc_NetworkDataWorker.cpp">
      <Filter>Generated Files\Debug</Filter>
    </ClCompile>
    <ClCompile Include="GeneratedFiles\Release\moc_NetworkDataWorker.cpp">
      <Filter>Generated Files\Release</Filter>
    </ClCompile>
    <ClCompile Include="network\Network.cpp">
      <Filter>network</Filter>
    </ClCompile>
    <ClCompile Include="GeneratedFiles\Debug\moc_Network.cpp">
      <Filter>Generated Files\Debug</Filter>
    </ClCompile>
    <ClCompile Include="GeneratedFiles\Release\moc_Network.cpp">
      <Filter>Generated Files\Release</Filter>
    </ClCompile>
    <ClCompile Include="network\NetworkDataWorker.cpp">
      <Filter>network</Filter>
    </ClCompile>
    <ClCompile Include="entity\UserEntity.cpp">
      <Filter>entity</Filter>
    </ClCompile>
    <ClCompile Include="entity\UserCenterEntity.cpp">
      <Filter>entity</Filter>
    </ClCompile>
    <ClCompile Include="entity\Entity.cpp">
      <Filter>entity</Filter>
    </ClCompile>
    <ClCompile Include="entity\PublishOneEntity.cpp">
      <Filter>entity</Filter>
    </ClCompile>
    <ClCompile Include="entity\PublishBriefOneEntity.cpp">
      <Filter>entity</Filter>
    </ClCompile>
    <ClCompile Include="entity\Factory.cpp">
      <Filter>entity</Filter>
    </ClCompile>
    <ClCompile Include="GeneratedFiles\Debug\moc_ZhiFanBriefFrame.cpp">
      <Filter>Generated Files\Debug</Filter>
    </ClCompile>
    <ClCompile Include="GeneratedFiles\Release\moc_ZhiFanBriefFrame.cpp">
      <Filter>Generated Files\Release</Filter>
    </ClCompile>
    <ClCompile Include="widgets\ZhiFanBriefFrame.cpp">
      <Filter>widgets</Filter>
    </ClCompile>
    <ClCompile Include="GeneratedFiles\Debug\moc_ImageCarouselFrame.cpp">
      <Filter>Generated Files\Debug</Filter>
    </ClCompile>
    <ClCompile Include="GeneratedFiles\Release\moc_ImageCarouselFrame.cpp">
      <Filter>Generated Files\Release</Filter>
    </ClCompile>
    <ClCompile Include="widgets\ImageCarouselFrame.cpp">
      <Filter>widgets</Filter>
    </ClCompile>
    <ClCompile Include="GeneratedFiles\qrc_zhifan.cpp">
      <Filter>Generated Files</Filter>
    </ClCompile>
    <ClCompile Include="GeneratedFiles\Debug\moc_ResponseGetOneZhiFanPublish.cpp">
      <Filter>Generated Files\Debug</Filter>
    </ClCompile>
    <ClCompile Include="GeneratedFiles\Release\moc_ResponseGetOneZhiFanPublish.cpp">
      <Filter>Generated Files\Release</Filter>
    </ClCompile>
    <ClCompile Include="GeneratedFiles\Debug\moc_ResponseGetZhiFanPublishPageOfRange.cpp">
      <Filter>Generated Files\Debug</Filter>
    </ClCompile>
    <ClCompile Include="GeneratedFiles\Release\moc_ResponseGetZhiFanPublishPageOfRange.cpp">
      <Filter>Generated Files\Release</Filter>
    </ClCompile>
    <ClCompile Include="GeneratedFiles\Debug\moc_ResponseLogin.cpp">
      <Filter>Generated Files\Debug</Filter>
    </ClCompile>
    <ClCompile Include="GeneratedFiles\Release\moc_ResponseLogin.cpp">
      <Filter>Generated Files\Release</Filter>
    </ClCompile>
    <ClCompile Include="GeneratedFiles\Debug\moc_ResponsePullUserCenter.cpp">
      <Filter>Generated Files\Debug</Filter>
    </ClCompile>
    <ClCompile Include="GeneratedFiles\Release\moc_ResponsePullUserCenter.cpp">
      <Filter>Generated Files\Release</Filter>
    </ClCompile>
    <ClCompile Include="GeneratedFiles\Debug\moc_ResponseSearchZhiFan.cpp">
      <Filter>Generated Files\Debug</Filter>
    </ClCompile>
    <ClCompile Include="GeneratedFiles\Release\moc_ResponseSearchZhiFan.cpp">
      <Filter>Generated Files\Release</Filter>
    </ClCompile>
    <ClCompile Include="GeneratedFiles\Debug\moc_ServerBackPacket.cpp">
      <Filter>Generated Files\Debug</Filter>
    </ClCompile>
    <ClCompile Include="GeneratedFiles\Release\moc_ServerBackPacket.cpp">
      <Filter>Generated Files\Release</Filter>
    </ClCompile>
    <ClCompile Include="GeneratedFiles\Debug\moc_ZhiFanPublishBriefOne.cpp">
      <Filter>Generated Files\Debug</Filter>
    </ClCompile>
    <ClCompile Include="GeneratedFiles\Release\moc_ZhiFanPublishBriefOne.cpp">
      <Filter>Generated Files\Release</Filter>
    </ClCompile>
    <ClCompile Include="GeneratedFiles\Debug\moc_ZhiFanPublishOne.cpp">
      <Filter>Generated Files\Debug</Filter>
    </ClCompile>
    <ClCompile Include="GeneratedFiles\Release\moc_ZhiFanPublishOne.cpp">
      <Filter>Generated Files\Release</Filter>
    </ClCompile>
    <ClCompile Include="GeneratedFiles\Debug\moc_ApplaudZhiFan.cpp">
      <Filter>Generated Files\Debug</Filter>
    </ClCompile>
    <ClCompile Include="GeneratedFiles\Release\moc_ApplaudZhiFan.cpp">
      <Filter>Generated Files\Release</Filter>
    </ClCompile>
    <ClCompile Include="GeneratedFiles\Debug\moc_CommentResponse.cpp">
      <Filter>Generated Files\Debug</Filter>
    </ClCompile>
    <ClCompile Include="GeneratedFiles\Release\moc_CommentResponse.cpp">
      <Filter>Generated Files\Release</Filter>
    </ClCompile>
    <ClCompile Include="GeneratedFiles\Debug\moc_CompleteZhiFan.cpp">
      <Filter>Generated Files\Debug</Filter>
    </ClCompile>
    <ClCompile Include="GeneratedFiles\Release\moc_CompleteZhiFan.cpp">
      <Filter>Generated Files\Release</Filter>
    </ClCompile>
    <ClCompile Include="GeneratedFiles\Debug\moc_GetOneZhiFanPublish.cpp">
      <Filter>Generated Files\Debug</Filter>
    </ClCompile>
    <ClCompile Include="GeneratedFiles\Release\moc_GetOneZhiFanPublish.cpp">
      <Filter>Generated Files\Release</Filter>
    </ClCompile>
    <ClCompile Include="GeneratedFiles\Debug\moc_GetZhiFanPublishPageOfRange.cpp">
      <Filter>Generated Files\Debug</Filter>
    </ClCompile>
    <ClCompile Include="GeneratedFiles\Release\moc_GetZhiFanPublishPageOfRange.cpp">
      <Filter>Generated Files\Release</Filter>
    </ClCompile>
    <ClCompile Include="GeneratedFiles\Debug\moc_Identity.cpp">
      <Filter>Generated Files\Debug</Filter>
    </ClCompile>
    <ClCompile Include="GeneratedFiles\Release\moc_Identity.cpp">
      <Filter>Generated Files\Release</Filter>
    </ClCompile>
    <ClCompile Include="GeneratedFiles\Debug\moc_Login.cpp">
      <Filter>Generated Files\Debug</Filter>
    </ClCompile>
    <ClCompile Include="GeneratedFiles\Release\moc_Login.cpp">
      <Filter>Generated Files\Release</Filter>
    </ClCompile>
    <ClCompile Include="GeneratedFiles\Debug\moc_PublishZhiFan.cpp">
      <Filter>Generated Files\Debug</Filter>
    </ClCompile>
    <ClCompile Include="GeneratedFiles\Release\moc_PublishZhiFan.cpp">
      <Filter>Generated Files\Release</Filter>
    </ClCompile>
    <ClCompile Include="GeneratedFiles\Debug\moc_PullUserCenter.cpp">
      <Filter>Generated Files\Debug</Filter>
    </ClCompile>
    <ClCompile Include="GeneratedFiles\Release\moc_PullUserCenter.cpp">
      <Filter>Generated Files\Release</Filter>
    </ClCompile>
    <ClCompile Include="GeneratedFiles\Debug\moc_Register.cpp">
      <Filter>Generated Files\Debug</Filter>
    </ClCompile>
    <ClCompile Include="GeneratedFiles\Release\moc_Register.cpp">
      <Filter>Generated Files\Release</Filter>
    </ClCompile>
    <ClCompile Include="GeneratedFiles\Debug\moc_ResponseZhiFan.cpp">
      <Filter>Generated Files\Debug</Filter>
    </ClCompile>
    <ClCompile Include="GeneratedFiles\Release\moc_ResponseZhiFan.cpp">
      <Filter>Generated Files\Release</Filter>
    </ClCompile>
    <ClCompile Include="GeneratedFiles\Debug\moc_SearchZhiFan.cpp">
      <Filter>Generated Files\Debug</Filter>
    </ClCompile>
    <ClCompile Include="GeneratedFiles\Release\moc_SearchZhiFan.cpp">
      <Filter>Generated Files\Release</Filter>
    </ClCompile>
    <ClCompile Include="GeneratedFiles\Debug\moc_MaskFrame.cpp">
      <Filter>Generated Files\Debug</Filter>
    </ClCompile>
    <ClCompile Include="GeneratedFiles\Release\moc_MaskFrame.cpp">
      <Filter>Generated Files\Release</Filter>
    </ClCompile>
    <ClCompile Include="widgets\MaskFrame.cpp">
      <Filter>widgets</Filter>
    </ClCompile>
    <ClCompile Include="GeneratedFiles\Debug\moc_DisplayZhiFanBoard.cpp">
      <Filter>Generated Files\Debug</Filter>
    </ClCompile>
    <ClCompile Include="GeneratedFiles\Release\moc_DisplayZhiFanBoard.cpp">
      <Filter>Generated Files\Release</Filter>
    </ClCompile>
    <ClCompile Include="widgets\DisplayZhiFanBoard.cpp">
      <Filter>widgets</Filter>
    </ClCompile>
    <ClCompile Include="utils\Utils.cpp">
      <Filter>utils</Filter>
    </ClCompile>
    <ClCompile Include="GeneratedFiles\Debug\moc_DisplayBoardItemsForColumn.cpp">
      <Filter>Generated Files\Debug</Filter>
    </ClCompile>
    <ClCompile Include="GeneratedFiles\Release\moc_DisplayBoardItemsForColumn.cpp">
      <Filter>Generated Files\Release</Filter>
    </ClCompile>
    <ClCompile Include="widgets\DisplayBoardItemsForColumn.cpp">
      <Filter>widgets</Filter>
    </ClCompile>
    <ClCompile Include="widgets\detail\DetailedBoard.cpp">
      <Filter>widgets\detail</Filter>
    </ClCompile>
    <ClCompile Include="GeneratedFiles\Debug\moc_DetailedBoard.cpp">
      <Filter>Generated Files\Debug</Filter>
    </ClCompile>
    <ClCompile Include="GeneratedFiles\Release\moc_DetailedBoard.cpp">
      <Filter>Generated Files\Release</Filter>
    </ClCompile>
    <ClCompile Include="GeneratedFiles\Debug\moc_ImageBoard.cpp">
      <Filter>Generated Files\Debug</Filter>
    </ClCompile>
    <ClCompile Include="GeneratedFiles\Release\moc_ImageBoard.cpp">
      <Filter>Generated Files\Release</Filter>
    </ClCompile>
    <ClCompile Include="widgets\detail\ImageBoard.cpp">
      <Filter>widgets\detail</Filter>
    </ClCompile>
    <ClCompile Include="GeneratedFiles\Debug\moc_ThumbnailBoard.cpp">
      <Filter>Generated Files\Debug</Filter>
    </ClCompile>
    <ClCompile Include="GeneratedFiles\Release\moc_ThumbnailBoard.cpp">
      <Filter>Generated Files\Release</Filter>
    </ClCompile>
    <ClCompile Include="widgets\detail\ThumbnailBoard.cpp">
      <Filter>widgets\detail</Filter>
    </ClCompile>
    <ClCompile Include="GeneratedFiles\Debug\moc_HLabel.cpp">
      <Filter>Generated Files\Debug</Filter>
    </ClCompile>
    <ClCompile Include="GeneratedFiles\Release\moc_HLabel.cpp">
      <Filter>Generated Files\Release</Filter>
    </ClCompile>
    <ClCompile Include="widgets\detail\HLabel.cpp">
      <Filter>widgets\detail</Filter>
    </ClCompile>
    <ClCompile Include="GeneratedFiles\Debug\moc_CommentBoard.cpp">
      <Filter>Generated Files\Debug</Filter>
    </ClCompile>
    <ClCompile Include="GeneratedFiles\Release\moc_CommentBoard.cpp">
      <Filter>Generated Files\Release</Filter>
    </ClCompile>
    <ClCompile Include="widgets\detail\CommentBoard.cpp">
      <Filter>widgets\detail</Filter>
    </ClCompile>
    <ClCompile Include="GeneratedFiles\Debug\moc_CommentBoardItem.cpp">
      <Filter>Generated Files\Debug</Filter>
    </ClCompile>
    <ClCompile Include="GeneratedFiles\Release\moc_CommentBoardItem.cpp">
      <Filter>Generated Files\Release</Filter>
    </ClCompile>
    <ClCompile Include="widgets\detail\CommentBoardItem.cpp">
      <Filter>widgets\detail</Filter>
    </ClCompile>
    <ClCompile Include="GeneratedFiles\Debug\moc_LoginBox.cpp">
      <Filter>Generated Files\Debug</Filter>
    </ClCompile>
    <ClCompile Include="GeneratedFiles\Release\moc_LoginBox.cpp">
      <Filter>Generated Files\Release</Filter>
    </ClCompile>
    <ClCompile Include="widgets\LoginBox.cpp">
      <Filter>widgets</Filter>
    </ClCompile>
    <ClCompile Include="GeneratedFiles\Debug\moc_RegisterBox.cpp">
      <Filter>Generated Files\Debug</Filter>
    </ClCompile>
    <ClCompile Include="GeneratedFiles\Release\moc_RegisterBox.cpp">
      <Filter>Generated Files\Release</Filter>
    </ClCompile>
    <ClCompile Include="widgets\RegisterBox.cpp">
      <Filter>widgets</Filter>
    </ClCompile>
    <ClCompile Include="GeneratedFiles\Debug\moc_UserData.cpp">
      <Filter>Generated Files\Debug</Filter>
    </ClCompile>
    <ClCompile Include="GeneratedFiles\Release\moc_UserData.cpp">
      <Filter>Generated Files\Release</Filter>
    </ClCompile>
    <ClCompile Include="entity\UserData.cpp">
      <Filter>entity</Filter>
    </ClCompile>
    <ClCompile Include="GeneratedFiles\Debug\moc_CSendW.cpp">
      <Filter>Generated Files\Debug</Filter>
    </ClCompile>
    <ClCompile Include="GeneratedFiles\Release\moc_CSendW.cpp">
      <Filter>Generated Files\Release</Filter>
    </ClCompile>
    <ClCompile Include="widgets\CSendW.cpp">
      <Filter>widgets</Filter>
    </ClCompile>
    <ClCompile Include="GeneratedFiles\Debug\moc_VerificationBox.cpp">
      <Filter>Generated Files\Debug</Filter>
    </ClCompile>
    <ClCompile Include="GeneratedFiles\Release\moc_VerificationBox.cpp">
      <Filter>Generated Files\Release</Filter>
    </ClCompile>
    <ClCompile Include="widgets\VerificationBox.cpp">
      <Filter>widgets</Filter>
    </ClCompile>
  </ItemGroup>
  <ItemGroup>
    <ClInclude Include="network\InstantiationPacketHelper.h">
      <Filter>network</Filter>
    </ClInclude>
    <ClInclude Include="network\packets.h">
      <Filter>network</Filter>
    </ClInclude>
    <ClInclude Include="code\stdafx.h">
      <Filter>code</Filter>
    </ClInclude>
    <ClInclude Include="code\defs.h">
      <Filter>code</Filter>
    </ClInclude>
    <ClInclude Include="code\Error.h">
      <Filter>code</Filter>
    </ClInclude>
    <ClInclude Include="code\NetCommunicationProtocol.h">
      <Filter>code</Filter>
    </ClInclude>
    <ClInclude Include="code\SettingHelper.h">
      <Filter>code</Filter>
    </ClInclude>
    <ClInclude Include="code\ClientDataStructure_defs.h">
      <Filter>code</Filter>
    </ClInclude>
    <ClInclude Include="entity\Entity.h">
      <Filter>entity</Filter>
    </ClInclude>
    <ClInclude Include="entity\UserEntity.h">
      <Filter>entity</Filter>
    </ClInclude>
    <ClInclude Include="entity\UserCenterEntity.h">
      <Filter>entity</Filter>
    </ClInclude>
    <ClInclude Include="entity\PublishOneEntity.h">
      <Filter>entity</Filter>
    </ClInclude>
    <ClInclude Include="entity\PublishBriefOneEntity.h">
      <Filter>entity</Filter>
    </ClInclude>
    <ClInclude Include="entity\Factory.h">
      <Filter>entity</Filter>
    </ClInclude>
    <ClInclude Include="resource.h">
      <Filter>Generated Files</Filter>
    </ClInclude>
    <ClInclude Include="utils\Utils.h">
      <Filter>utils</Filter>
    </ClInclude>
    <ClInclude Include="GeneratedFiles\ui_CSendW.h">
      <Filter>Generated Files</Filter>
    </ClInclude>
    <ClInclude Include="GeneratedFiles\ui_VerificationBox.h">
      <Filter>Generated Files</Filter>
    </ClInclude>
  </ItemGroup>
  <ItemGroup>
    <CustomBuild Include="code\AbstractParseJson.h">
      <Filter>code</Filter>
    </CustomBuild>
    <CustomBuild Include="code\Packet.h">
      <Filter>code</Filter>
    </CustomBuild>
    <CustomBuild Include="code\Range.h">
      <Filter>code</Filter>
    </CustomBuild>
    <CustomBuild Include="code\SettingInfo.h">
      <Filter>code</Filter>
    </CustomBuild>
    <CustomBuild Include="widgets\TerminalWidget.h">
      <Filter>widgets</Filter>
    </CustomBuild>
    <CustomBuild Include="widgets\SearchWidget.h">
      <Filter>widgets</Filter>
    </CustomBuild>
    <CustomBuild Include="network\Network.h">
      <Filter>network</Filter>
    </CustomBuild>
    <CustomBuild Include="network\NetworkDataWorker.h">
      <Filter>network</Filter>
    </CustomBuild>
    <CustomBuild Include="widgets\ZhiFanBriefFrame.h">
      <Filter>widgets</Filter>
    </CustomBuild>
    <CustomBuild Include="widgets\ImageCarouselFrame.h">
      <Filter>widgets</Filter>
    </CustomBuild>
    <CustomBuild Include="Resources\zhifan.qrc">
      <Filter>Resource Files</Filter>
    </CustomBuild>
    <CustomBuild Include="packets\server\ResponseGetOneZhiFanPublish.h">
      <Filter>packets\server</Filter>
    </CustomBuild>
    <CustomBuild Include="packets\server\ResponseGetZhiFanPublishPageOfRange.h">
      <Filter>packets\server</Filter>
    </CustomBuild>
    <CustomBuild Include="packets\server\ResponseLogin.h">
      <Filter>packets\server</Filter>
    </CustomBuild>
    <CustomBuild Include="packets\server\ResponsePullUserCenter.h">
      <Filter>packets\server</Filter>
    </CustomBuild>
    <CustomBuild Include="packets\server\ResponseSearchZhiFan.h">
      <Filter>packets\server</Filter>
    </CustomBuild>
    <CustomBuild Include="packets\server\ServerBackPacket.h">
      <Filter>packets\server</Filter>
    </CustomBuild>
    <CustomBuild Include="packets\server\ZhiFanPublishBriefOne.h">
      <Filter>packets\server</Filter>
    </CustomBuild>
    <CustomBuild Include="packets\server\ZhiFanPublishOne.h">
      <Filter>packets\server</Filter>
    </CustomBuild>
    <CustomBuild Include="packets\client\ApplaudZhiFan.h">
      <Filter>packets\client</Filter>
    </CustomBuild>
    <CustomBuild Include="packets\client\CommentResponse.h">
      <Filter>packets\client</Filter>
    </CustomBuild>
    <CustomBuild Include="packets\client\CompleteZhiFan.h">
      <Filter>packets\client</Filter>
    </CustomBuild>
    <CustomBuild Include="packets\client\GetOneZhiFanPublish.h">
      <Filter>packets\client</Filter>
    </CustomBuild>
    <CustomBuild Include="packets\client\GetZhiFanPublishPageOfRange.h">
      <Filter>packets\client</Filter>
    </CustomBuild>
    <CustomBuild Include="packets\client\Identity.h">
      <Filter>packets\client</Filter>
    </CustomBuild>
    <CustomBuild Include="packets\client\Login.h">
      <Filter>packets\client</Filter>
    </CustomBuild>
    <CustomBuild Include="packets\client\PublishZhiFan.h">
      <Filter>packets\client</Filter>
    </CustomBuild>
    <CustomBuild Include="packets\client\PullUserCenter.h">
      <Filter>packets\client</Filter>
    </CustomBuild>
    <CustomBuild Include="packets\client\Register.h">
      <Filter>packets\client</Filter>
    </CustomBuild>
    <CustomBuild Include="packets\client\ResponseZhiFan.h">
      <Filter>packets\client</Filter>
    </CustomBuild>
    <CustomBuild Include="packets\client\SearchZhiFan.h">
      <Filter>packets\client</Filter>
    </CustomBuild>
    <CustomBuild Include="widgets\MaskFrame.h">
      <Filter>widgets</Filter>
    </CustomBuild>
    <CustomBuild Include="widgets\DisplayZhiFanBoard.h">
      <Filter>widgets</Filter>
    </CustomBuild>
    <CustomBuild Include="widgets\DisplayBoardItemsForColumn.h">
      <Filter>widgets</Filter>
    </CustomBuild>
    <CustomBuild Include="widgets\detail\DetailedBoard.h">
      <Filter>widgets\detail</Filter>
    </CustomBuild>
    <CustomBuild Include="widgets\detail\ImageBoard.h">
      <Filter>widgets\detail</Filter>
    </CustomBuild>
    <CustomBuild Include="widgets\detail\ThumbnailBoard.h">
      <Filter>widgets\detail</Filter>
    </CustomBuild>
    <CustomBuild Include="widgets\detail\HLabel.h">
      <Filter>widgets\detail</Filter>
    </CustomBuild>
    <CustomBuild Include="widgets\detail\CommentBoard.h">
      <Filter>widgets\detail</Filter>
    </CustomBuild>
    <CustomBuild Include="widgets\detail\CommentBoardItem.h">
      <Filter>widgets\detail</Filter>
    </CustomBuild>
    <CustomBuild Include="widgets\LoginBox.h">
      <Filter>widgets</Filter>
    </CustomBuild>
    <CustomBuild Include="widgets\RegisterBox.h">
      <Filter>widgets</Filter>
    </CustomBuild>
    <CustomBuild Include="entity\UserData.h">
      <Filter>entity</Filter>
    </CustomBuild>
    <CustomBuild Include="widgets\CSendW.h">
      <Filter>widgets</Filter>
    </CustomBuild>
    <CustomBuild Include="widgets\CSendW.ui">
      <Filter>Form Files</Filter>
    </CustomBuild>
    <CustomBuild Include="widgets\VerificationBox.ui">
      <Filter>Form Files</Filter>
    </CustomBuild>
    <CustomBuild Include="widgets\VerificationBox.h">
      <Filter>widgets</Filter>
    </CustomBuild>
  </ItemGroup>
  <ItemGroup>
    <ResourceCompile Include="ZhiFan-Customer.rc" />
  </ItemGroup>
  <ItemGroup>
    <None Include="Resources\zhifan.qss">
      <Filter>Resource Files</Filter>
    </None>
  </ItemGroup>
</Project>